
Microsoft Visual Studio Solution File, Format Version 12.00
# Visual Studio Version 17
VisualStudioVersion = 17.7.34024.191
MinimumVisualStudioVersion = 10.0.40219.1
Project("{2150E333-8FDC-42A3-9474-1A3956D46DE8}") = "N35", "N35", "{84CD7ECE-F4D5-4EE4-9E38-D43AD64C3045}"
EndProject
Project("{FAE04EC0-301F-11D3-BF4B-00C04F79EFBC}") = "N35-HT-task1", "N35-HT-task1\N35-HT-task1.csproj", "{1A729A9C-0AA1-4A0F-BBA6-D1F949241089}"
EndProject
Project("{FAE04EC0-301F-11D3-BF4B-00C04F79EFBC}") = "N35-HT-Task2", "N35-HT-Task2\N35-HT-Task2.csproj", "{CC156809-B882-4C94-BF28-F95D6FA3DF4F}"
EndProject
Project("{FAE04EC0-301F-11D3-BF4B-00C04F79EFBC}") = "N35-HT-Task3", "N35-HT-Task3\N35-HT-Task3.csproj", "{6E891830-BFEF-4088-B4E9-FC459EEEBA8E}"
EndProject
Project("{2150E333-8FDC-42A3-9474-1A3956D46DE8}") = "N37", "N37", "{6E5B86F8-3EF1-4684-B729-B4A7FCDB7F31}"
EndProject
Project("{2150E333-8FDC-42A3-9474-1A3956D46DE8}") = "N37-CT", "N37-CT", "{60962369-A4B3-4A13-B264-FCD39BE60E4C}"
EndProject
Project("{FAE04EC0-301F-11D3-BF4B-00C04F79EFBC}") = "N37-CT-Task1", "N37-CT-Task1\N37-CT-Task1.csproj", "{BB329B5D-92CA-4B16-90CD-662C986E61D6}"
EndProject
Global
	GlobalSection(SolutionConfigurationPlatforms) = preSolution
		Debug|Any CPU = Debug|Any CPU
		Release|Any CPU = Release|Any CPU
	EndGlobalSection
	GlobalSection(ProjectConfigurationPlatforms) = postSolution
		{1A729A9C-0AA1-4A0F-BBA6-D1F949241089}.Debug|Any CPU.ActiveCfg = Debug|Any CPU
		{1A729A9C-0AA1-4A0F-BBA6-D1F949241089}.Debug|Any CPU.Build.0 = Debug|Any CPU
		{1A729A9C-0AA1-4A0F-BBA6-D1F949241089}.Release|Any CPU.ActiveCfg = Release|Any CPU
		{1A729A9C-0AA1-4A0F-BBA6-D1F949241089}.Release|Any CPU.Build.0 = Release|Any CPU
		{CC156809-B882-4C94-BF28-F95D6FA3DF4F}.Debug|Any CPU.ActiveCfg = Debug|Any CPU
		{CC156809-B882-4C94-BF28-F95D6FA3DF4F}.Debug|Any CPU.Build.0 = Debug|Any CPU
		{CC156809-B882-4C94-BF28-F95D6FA3DF4F}.Release|Any CPU.ActiveCfg = Release|Any CPU
		{CC156809-B882-4C94-BF28-F95D6FA3DF4F}.Release|Any CPU.Build.0 = Release|Any CPU
		{6E891830-BFEF-4088-B4E9-FC459EEEBA8E}.Debug|Any CPU.ActiveCfg = Debug|Any CPU
		{6E891830-BFEF-4088-B4E9-FC459EEEBA8E}.Debug|Any CPU.Build.0 = Debug|Any CPU
		{6E891830-BFEF-4088-B4E9-FC459EEEBA8E}.Release|Any CPU.ActiveCfg = Release|Any CPU
		{6E891830-BFEF-4088-B4E9-FC459EEEBA8E}.Release|Any CPU.Build.0 = Release|Any CPU
		{BB329B5D-92CA-4B16-90CD-662C986E61D6}.Debug|Any CPU.ActiveCfg = Debug|Any CPU
		{BB329B5D-92CA-4B16-90CD-662C986E61D6}.Debug|Any CPU.Build.0 = Debug|Any CPU
		{BB329B5D-92CA-4B16-90CD-662C986E61D6}.Release|Any CPU.ActiveCfg = Release|Any CPU
		{BB329B5D-92CA-4B16-90CD-662C986E61D6}.Release|Any CPU.Build.0 = Release|Any CPU
	EndGlobalSection
	GlobalSection(SolutionProperties) = preSolution
		HideSolutionNode = FALSE
	EndGlobalSection
	GlobalSection(NestedProjects) = preSolution
		{1A729A9C-0AA1-4A0F-BBA6-D1F949241089} = {84CD7ECE-F4D5-4EE4-9E38-D43AD64C3045}
		{CC156809-B882-4C94-BF28-F95D6FA3DF4F} = {84CD7ECE-F4D5-4EE4-9E38-D43AD64C3045}
		{6E891830-BFEF-4088-B4E9-FC459EEEBA8E} = {84CD7ECE-F4D5-4EE4-9E38-D43AD64C3045}
		{60962369-A4B3-4A13-B264-FCD39BE60E4C} = {6E5B86F8-3EF1-4684-B729-B4A7FCDB7F31}
		{BB329B5D-92CA-4B16-90CD-662C986E61D6} = {60962369-A4B3-4A13-B264-FCD39BE60E4C}
	EndGlobalSection
	GlobalSection(ExtensibilityGlobals) = postSolution
		SolutionGuid = {BDC44872-2408-400E-B13F-18213D63CBC9}
	EndGlobalSection
EndGlobal
