
Microsoft Visual Studio Solution File, Format Version 12.00
# Visual Studio Version 17
VisualStudioVersion = 17.7.34024.191
MinimumVisualStudioVersion = 10.0.40219.1
Project("{2150E333-8FDC-42A3-9474-1A3956D46DE8}") = "N36", "N36", "{84CD7ECE-F4D5-4EE4-9E38-D43AD64C3045}"
EndProject
Project("{9A19103F-16F7-4668-BE54-9A1E7A4F7556}") = "N35-HT-task1", "N35-HT-task1\N35-HT-task1.csproj", "{1A729A9C-0AA1-4A0F-BBA6-D1F949241089}"
EndProject
Project("{9A19103F-16F7-4668-BE54-9A1E7A4F7556}") = "N35-HT-Task2", "N35-HT-Task2\N35-HT-Task2.csproj", "{CC156809-B882-4C94-BF28-F95D6FA3DF4F}"
EndProject
Project("{FAE04EC0-301F-11D3-BF4B-00C04F79EFBC}") = "N35-HT-Task3", "N35-HT-Task3\N35-HT-Task3.csproj", "{6E891830-BFEF-4088-B4E9-FC459EEEBA8E}"
EndProject
Project("{2150E333-8FDC-42A3-9474-1A3956D46DE8}") = "N37", "N37", "{CC5DDA14-00EA-4655-A6E9-ECFDD6D185BB}"
EndProject
Project("{FAE04EC0-301F-11D3-BF4B-00C04F79EFBC}") = "N36-HT-Task1", "N36-HT-Task1\N36-HT-Task1.csproj", "{05AA13DC-134A-43EC-83BD-CDB4899C3840}"
EndProject
Project("{2150E333-8FDC-42A3-9474-1A3956D46DE8}") = "N38", "N38", "{E8BC63FF-FD84-4027-A213-1BCC42796A19}"
EndProject
Project("{FAE04EC0-301F-11D3-BF4B-00C04F79EFBC}") = "N38-HT-Task1", "N38-HT-Task1\N38-HT-Task1.csproj", "{14E593F2-D6CF-44D0-80B1-E15341905432}"
EndProject
Project("{2150E333-8FDC-42A3-9474-1A3956D46DE8}") = "N39", "N39", "{A15F0F5D-CEF7-420C-83FD-6026FA99CC4B}"
EndProject
Project("{2150E333-8FDC-42A3-9474-1A3956D46DE8}") = "N40", "N40", "{B3587566-37D9-4F34-8FD7-63CDF003CCBE}"
EndProject
Project("{2150E333-8FDC-42A3-9474-1A3956D46DE8}") = "N40-CT", "N40-CT", "{990149B2-6496-44B6-A84D-47E699752243}"
EndProject
Project("{FAE04EC0-301F-11D3-BF4B-00C04F79EFBC}") = "N40-CT-Task1", "N40-CT-Task1\N40-CT-Task1.csproj", "{639E73C9-C722-4009-AD99-92E0D458B498}"
EndProject
Project("{FAE04EC0-301F-11D3-BF4B-00C04F79EFBC}") = "N40-CT-Task2", "N40-CT-Task2\N40-CT-Task2.csproj", "{64BAE952-3607-4C1B-BD19-9DB07F336685}"
EndProject
Project("{2150E333-8FDC-42A3-9474-1A3956D46DE8}") = "N38-HT", "N38-HT", "{13B85BBF-AF99-422C-9F55-86E0013E1B15}"
EndProject
Project("{2150E333-8FDC-42A3-9474-1A3956D46DE8}") = "N41", "N41", "{268E167A-D1AE-4BEE-82D6-4D0B1DA864F6}"
EndProject
Project("{2150E333-8FDC-42A3-9474-1A3956D46DE8}") = "N41-CT", "N41-CT", "{B331A472-D7A8-425C-AA92-7DAD075D70EA}"
EndProject
Project("{FAE04EC0-301F-11D3-BF4B-00C04F79EFBC}") = "N41-CT-Task1", "N41-CT-Task1\N41-CT-Task1.csproj", "{553E6F67-2F32-451E-9D2F-EDE9E86066A7}"
EndProject
Project("{2150E333-8FDC-42A3-9474-1A3956D46DE8}") = "N39-HT", "N39-HT", "{6EF00CBB-F4F9-46DD-B055-4B0135F64B43}"
EndProject
Project("{9A19103F-16F7-4668-BE54-9A1E7A4F7556}") = "N39-HT-Task1", "N39-HT-Task1\N39-HT-Task1.csproj", "{0BF6D97B-6866-44D7-B3C0-6DE63796EAEB}"
EndProject
Project("{FAE04EC0-301F-11D3-BF4B-00C04F79EFBC}") = "N39-HT-Task2", "N39-HT-Task2\N39-HT-Task2.csproj", "{F2F4D213-AC52-4FC8-AD89-D8171BD6AA6C}"
EndProject
Project("{2150E333-8FDC-42A3-9474-1A3956D46DE8}") = "N43", "N43", "{01C501F3-BA24-412B-91FF-47D9F62EBD5B}"
EndProject
Project("{2150E333-8FDC-42A3-9474-1A3956D46DE8}") = "N43-CT", "N43-CT", "{80ED7211-6DA7-4054-A16D-85694F5D2575}"
EndProject
Project("{9A19103F-16F7-4668-BE54-9A1E7A4F7556}") = "N43-CT-Task1", "N43-CT-Task1\N43-CT-Task1.csproj", "{389CB8CC-30D2-4EDC-A000-B5524D82F81E}"
EndProject
Project("{FAE04EC0-301F-11D3-BF4B-00C04F79EFBC}") = "N43-CT-task2", "N43-CT-task2\N43-CT-task2.csproj", "{DFF5CF87-B7AC-4D30-962B-687E486D33E1}"
EndProject
Project("{2150E333-8FDC-42A3-9474-1A3956D46DE8}") = "N40-Ht", "N40-Ht", "{CE04613A-2CC0-4C9C-B988-0645B4430E1A}"
EndProject
Project("{FAE04EC0-301F-11D3-BF4B-00C04F79EFBC}") = "N40-HT-Task1", "N40-HT-Task1\N40-HT-Task1.csproj", "{4817E6C1-4FA2-4EF7-8DEE-0B85A1F7985F}"
EndProject
Global
	GlobalSection(SolutionConfigurationPlatforms) = preSolution
		Debug|Any CPU = Debug|Any CPU
		Release|Any CPU = Release|Any CPU
	EndGlobalSection
	GlobalSection(ProjectConfigurationPlatforms) = postSolution
		{1A729A9C-0AA1-4A0F-BBA6-D1F949241089}.Debug|Any CPU.ActiveCfg = Debug|Any CPU
		{1A729A9C-0AA1-4A0F-BBA6-D1F949241089}.Debug|Any CPU.Build.0 = Debug|Any CPU
		{1A729A9C-0AA1-4A0F-BBA6-D1F949241089}.Release|Any CPU.ActiveCfg = Release|Any CPU
		{1A729A9C-0AA1-4A0F-BBA6-D1F949241089}.Release|Any CPU.Build.0 = Release|Any CPU
		{CC156809-B882-4C94-BF28-F95D6FA3DF4F}.Debug|Any CPU.ActiveCfg = Debug|Any CPU
		{CC156809-B882-4C94-BF28-F95D6FA3DF4F}.Debug|Any CPU.Build.0 = Debug|Any CPU
		{CC156809-B882-4C94-BF28-F95D6FA3DF4F}.Release|Any CPU.ActiveCfg = Release|Any CPU
		{CC156809-B882-4C94-BF28-F95D6FA3DF4F}.Release|Any CPU.Build.0 = Release|Any CPU
		{6E891830-BFEF-4088-B4E9-FC459EEEBA8E}.Debug|Any CPU.ActiveCfg = Debug|Any CPU
		{6E891830-BFEF-4088-B4E9-FC459EEEBA8E}.Debug|Any CPU.Build.0 = Debug|Any CPU
		{6E891830-BFEF-4088-B4E9-FC459EEEBA8E}.Release|Any CPU.ActiveCfg = Release|Any CPU
		{6E891830-BFEF-4088-B4E9-FC459EEEBA8E}.Release|Any CPU.Build.0 = Release|Any CPU
		{05AA13DC-134A-43EC-83BD-CDB4899C3840}.Debug|Any CPU.ActiveCfg = Debug|Any CPU
		{05AA13DC-134A-43EC-83BD-CDB4899C3840}.Debug|Any CPU.Build.0 = Debug|Any CPU
		{05AA13DC-134A-43EC-83BD-CDB4899C3840}.Release|Any CPU.ActiveCfg = Release|Any CPU
		{05AA13DC-134A-43EC-83BD-CDB4899C3840}.Release|Any CPU.Build.0 = Release|Any CPU
		{14E593F2-D6CF-44D0-80B1-E15341905432}.Debug|Any CPU.ActiveCfg = Debug|Any CPU
		{14E593F2-D6CF-44D0-80B1-E15341905432}.Debug|Any CPU.Build.0 = Debug|Any CPU
		{14E593F2-D6CF-44D0-80B1-E15341905432}.Release|Any CPU.ActiveCfg = Release|Any CPU
		{14E593F2-D6CF-44D0-80B1-E15341905432}.Release|Any CPU.Build.0 = Release|Any CPU
		{639E73C9-C722-4009-AD99-92E0D458B498}.Debug|Any CPU.ActiveCfg = Debug|Any CPU
		{639E73C9-C722-4009-AD99-92E0D458B498}.Debug|Any CPU.Build.0 = Debug|Any CPU
		{639E73C9-C722-4009-AD99-92E0D458B498}.Release|Any CPU.ActiveCfg = Release|Any CPU
		{639E73C9-C722-4009-AD99-92E0D458B498}.Release|Any CPU.Build.0 = Release|Any CPU
		{64BAE952-3607-4C1B-BD19-9DB07F336685}.Debug|Any CPU.ActiveCfg = Debug|Any CPU
		{64BAE952-3607-4C1B-BD19-9DB07F336685}.Debug|Any CPU.Build.0 = Debug|Any CPU
		{64BAE952-3607-4C1B-BD19-9DB07F336685}.Release|Any CPU.ActiveCfg = Release|Any CPU
		{64BAE952-3607-4C1B-BD19-9DB07F336685}.Release|Any CPU.Build.0 = Release|Any CPU
		{553E6F67-2F32-451E-9D2F-EDE9E86066A7}.Debug|Any CPU.ActiveCfg = Debug|Any CPU
		{553E6F67-2F32-451E-9D2F-EDE9E86066A7}.Debug|Any CPU.Build.0 = Debug|Any CPU
		{553E6F67-2F32-451E-9D2F-EDE9E86066A7}.Release|Any CPU.ActiveCfg = Release|Any CPU
		{553E6F67-2F32-451E-9D2F-EDE9E86066A7}.Release|Any CPU.Build.0 = Release|Any CPU
		{0BF6D97B-6866-44D7-B3C0-6DE63796EAEB}.Debug|Any CPU.ActiveCfg = Debug|Any CPU
		{0BF6D97B-6866-44D7-B3C0-6DE63796EAEB}.Debug|Any CPU.Build.0 = Debug|Any CPU
		{0BF6D97B-6866-44D7-B3C0-6DE63796EAEB}.Release|Any CPU.ActiveCfg = Release|Any CPU
		{0BF6D97B-6866-44D7-B3C0-6DE63796EAEB}.Release|Any CPU.Build.0 = Release|Any CPU
		{F2F4D213-AC52-4FC8-AD89-D8171BD6AA6C}.Debug|Any CPU.ActiveCfg = Debug|Any CPU
		{F2F4D213-AC52-4FC8-AD89-D8171BD6AA6C}.Debug|Any CPU.Build.0 = Debug|Any CPU
		{F2F4D213-AC52-4FC8-AD89-D8171BD6AA6C}.Release|Any CPU.ActiveCfg = Release|Any CPU
		{F2F4D213-AC52-4FC8-AD89-D8171BD6AA6C}.Release|Any CPU.Build.0 = Release|Any CPU
		{389CB8CC-30D2-4EDC-A000-B5524D82F81E}.Debug|Any CPU.ActiveCfg = Debug|Any CPU
		{389CB8CC-30D2-4EDC-A000-B5524D82F81E}.Debug|Any CPU.Build.0 = Debug|Any CPU
		{389CB8CC-30D2-4EDC-A000-B5524D82F81E}.Release|Any CPU.ActiveCfg = Release|Any CPU
		{389CB8CC-30D2-4EDC-A000-B5524D82F81E}.Release|Any CPU.Build.0 = Release|Any CPU
		{DFF5CF87-B7AC-4D30-962B-687E486D33E1}.Debug|Any CPU.ActiveCfg = Debug|Any CPU
		{DFF5CF87-B7AC-4D30-962B-687E486D33E1}.Debug|Any CPU.Build.0 = Debug|Any CPU
		{DFF5CF87-B7AC-4D30-962B-687E486D33E1}.Release|Any CPU.ActiveCfg = Release|Any CPU
		{DFF5CF87-B7AC-4D30-962B-687E486D33E1}.Release|Any CPU.Build.0 = Release|Any CPU
		{4817E6C1-4FA2-4EF7-8DEE-0B85A1F7985F}.Debug|Any CPU.ActiveCfg = Debug|Any CPU
		{4817E6C1-4FA2-4EF7-8DEE-0B85A1F7985F}.Debug|Any CPU.Build.0 = Debug|Any CPU
		{4817E6C1-4FA2-4EF7-8DEE-0B85A1F7985F}.Release|Any CPU.ActiveCfg = Release|Any CPU
		{4817E6C1-4FA2-4EF7-8DEE-0B85A1F7985F}.Release|Any CPU.Build.0 = Release|Any CPU
	EndGlobalSection
	GlobalSection(SolutionProperties) = preSolution
		HideSolutionNode = FALSE
	EndGlobalSection
	GlobalSection(NestedProjects) = preSolution
		{1A729A9C-0AA1-4A0F-BBA6-D1F949241089} = {84CD7ECE-F4D5-4EE4-9E38-D43AD64C3045}
		{CC156809-B882-4C94-BF28-F95D6FA3DF4F} = {84CD7ECE-F4D5-4EE4-9E38-D43AD64C3045}
		{6E891830-BFEF-4088-B4E9-FC459EEEBA8E} = {84CD7ECE-F4D5-4EE4-9E38-D43AD64C3045}
		{05AA13DC-134A-43EC-83BD-CDB4899C3840} = {CC5DDA14-00EA-4655-A6E9-ECFDD6D185BB}
		{14E593F2-D6CF-44D0-80B1-E15341905432} = {E8BC63FF-FD84-4027-A213-1BCC42796A19}
		{990149B2-6496-44B6-A84D-47E699752243} = {B3587566-37D9-4F34-8FD7-63CDF003CCBE}
		{639E73C9-C722-4009-AD99-92E0D458B498} = {990149B2-6496-44B6-A84D-47E699752243}
		{64BAE952-3607-4C1B-BD19-9DB07F336685} = {990149B2-6496-44B6-A84D-47E699752243}
		{13B85BBF-AF99-422C-9F55-86E0013E1B15} = {E8BC63FF-FD84-4027-A213-1BCC42796A19}
		{B331A472-D7A8-425C-AA92-7DAD075D70EA} = {268E167A-D1AE-4BEE-82D6-4D0B1DA864F6}
		{553E6F67-2F32-451E-9D2F-EDE9E86066A7} = {B331A472-D7A8-425C-AA92-7DAD075D70EA}
		{6EF00CBB-F4F9-46DD-B055-4B0135F64B43} = {A15F0F5D-CEF7-420C-83FD-6026FA99CC4B}
		{0BF6D97B-6866-44D7-B3C0-6DE63796EAEB} = {6EF00CBB-F4F9-46DD-B055-4B0135F64B43}
		{F2F4D213-AC52-4FC8-AD89-D8171BD6AA6C} = {6EF00CBB-F4F9-46DD-B055-4B0135F64B43}
		{80ED7211-6DA7-4054-A16D-85694F5D2575} = {01C501F3-BA24-412B-91FF-47D9F62EBD5B}
		{389CB8CC-30D2-4EDC-A000-B5524D82F81E} = {80ED7211-6DA7-4054-A16D-85694F5D2575}
		{DFF5CF87-B7AC-4D30-962B-687E486D33E1} = {80ED7211-6DA7-4054-A16D-85694F5D2575}
		{CE04613A-2CC0-4C9C-B988-0645B4430E1A} = {B3587566-37D9-4F34-8FD7-63CDF003CCBE}
		{4817E6C1-4FA2-4EF7-8DEE-0B85A1F7985F} = {CE04613A-2CC0-4C9C-B988-0645B4430E1A}
	EndGlobalSection
	GlobalSection(ExtensibilityGlobals) = postSolution
		SolutionGuid = {BDC44872-2408-400E-B13F-18213D63CBC9}
	EndGlobalSection
EndGlobal
