
Microsoft Visual Studio Solution File, Format Version 12.00
# Visual Studio Version 17
VisualStudioVersion = 17.7.34024.191
MinimumVisualStudioVersion = 10.0.40219.1
Project("{2150E333-8FDC-42A3-9474-1A3956D46DE8}") = "N36", "N36", "{84CD7ECE-F4D5-4EE4-9E38-D43AD64C3045}"
EndProject
Project("{9A19103F-16F7-4668-BE54-9A1E7A4F7556}") = "N35-HT-task1", "N35-HT-task1\N35-HT-task1.csproj", "{1A729A9C-0AA1-4A0F-BBA6-D1F949241089}"
EndProject
Project("{9A19103F-16F7-4668-BE54-9A1E7A4F7556}") = "N35-HT-Task2", "N35-HT-Task2\N35-HT-Task2.csproj", "{CC156809-B882-4C94-BF28-F95D6FA3DF4F}"
EndProject
Project("{FAE04EC0-301F-11D3-BF4B-00C04F79EFBC}") = "N35-HT-Task3", "N35-HT-Task3\N35-HT-Task3.csproj", "{6E891830-BFEF-4088-B4E9-FC459EEEBA8E}"
EndProject
Project("{2150E333-8FDC-42A3-9474-1A3956D46DE8}") = "N37", "N37", "{CC5DDA14-00EA-4655-A6E9-ECFDD6D185BB}"
EndProject
Project("{FAE04EC0-301F-11D3-BF4B-00C04F79EFBC}") = "N36-HT-Task1", "N36-HT-Task1\N36-HT-Task1.csproj", "{05AA13DC-134A-43EC-83BD-CDB4899C3840}"
EndProject
Project("{2150E333-8FDC-42A3-9474-1A3956D46DE8}") = "N38", "N38", "{E8BC63FF-FD84-4027-A213-1BCC42796A19}"
EndProject
Project("{FAE04EC0-301F-11D3-BF4B-00C04F79EFBC}") = "N38-HT-Task1", "N38-HT-Task1\N38-HT-Task1.csproj", "{14E593F2-D6CF-44D0-80B1-E15341905432}"
EndProject
Project("{2150E333-8FDC-42A3-9474-1A3956D46DE8}") = "N39", "N39", "{A15F0F5D-CEF7-420C-83FD-6026FA99CC4B}"
EndProject
Project("{2150E333-8FDC-42A3-9474-1A3956D46DE8}") = "N40", "N40", "{B3587566-37D9-4F34-8FD7-63CDF003CCBE}"
EndProject
Project("{2150E333-8FDC-42A3-9474-1A3956D46DE8}") = "N40-CT", "N40-CT", "{990149B2-6496-44B6-A84D-47E699752243}"
EndProject
Project("{FAE04EC0-301F-11D3-BF4B-00C04F79EFBC}") = "N40-CT-Task1", "N40-CT-Task1\N40-CT-Task1.csproj", "{639E73C9-C722-4009-AD99-92E0D458B498}"
EndProject
Project("{FAE04EC0-301F-11D3-BF4B-00C04F79EFBC}") = "N40-CT-Task2", "N40-CT-Task2\N40-CT-Task2.csproj", "{64BAE952-3607-4C1B-BD19-9DB07F336685}"
EndProject
Project("{2150E333-8FDC-42A3-9474-1A3956D46DE8}") = "N38-HT", "N38-HT", "{13B85BBF-AF99-422C-9F55-86E0013E1B15}"
EndProject
Project("{2150E333-8FDC-42A3-9474-1A3956D46DE8}") = "N41", "N41", "{268E167A-D1AE-4BEE-82D6-4D0B1DA864F6}"
EndProject
Project("{2150E333-8FDC-42A3-9474-1A3956D46DE8}") = "N41-CT", "N41-CT", "{B331A472-D7A8-425C-AA92-7DAD075D70EA}"
EndProject
Project("{FAE04EC0-301F-11D3-BF4B-00C04F79EFBC}") = "N41-CT-Task1", "N41-CT-Task1\N41-CT-Task1.csproj", "{553E6F67-2F32-451E-9D2F-EDE9E86066A7}"
EndProject
Project("{2150E333-8FDC-42A3-9474-1A3956D46DE8}") = "N39-HT", "N39-HT", "{6EF00CBB-F4F9-46DD-B055-4B0135F64B43}"
EndProject
Project("{9A19103F-16F7-4668-BE54-9A1E7A4F7556}") = "N39-HT-Task1", "N39-HT-Task1\N39-HT-Task1.csproj", "{0BF6D97B-6866-44D7-B3C0-6DE63796EAEB}"
EndProject
Project("{FAE04EC0-301F-11D3-BF4B-00C04F79EFBC}") = "N39-HT-Task2", "N39-HT-Task2\N39-HT-Task2.csproj", "{F2F4D213-AC52-4FC8-AD89-D8171BD6AA6C}"
EndProject
Project("{2150E333-8FDC-42A3-9474-1A3956D46DE8}") = "N43", "N43", "{01C501F3-BA24-412B-91FF-47D9F62EBD5B}"
EndProject
Project("{2150E333-8FDC-42A3-9474-1A3956D46DE8}") = "N43-CT", "N43-CT", "{80ED7211-6DA7-4054-A16D-85694F5D2575}"
EndProject
Project("{9A19103F-16F7-4668-BE54-9A1E7A4F7556}") = "N43-CT-Task1", "N43-CT-Task1\N43-CT-Task1.csproj", "{389CB8CC-30D2-4EDC-A000-B5524D82F81E}"
EndProject
Project("{FAE04EC0-301F-11D3-BF4B-00C04F79EFBC}") = "N43-CT-task2", "N43-CT-task2\N43-CT-task2.csproj", "{DFF5CF87-B7AC-4D30-962B-687E486D33E1}"
EndProject
Project("{2150E333-8FDC-42A3-9474-1A3956D46DE8}") = "N40-Ht", "N40-Ht", "{CE04613A-2CC0-4C9C-B988-0645B4430E1A}"
EndProject
Project("{9A19103F-16F7-4668-BE54-9A1E7A4F7556}") = "N40-HT-Task1", "N40-HT-Task1\N40-HT-Task1.csproj", "{4817E6C1-4FA2-4EF7-8DEE-0B85A1F7985F}"
EndProject
Project("{2150E333-8FDC-42A3-9474-1A3956D46DE8}") = "N43-HT", "N43-HT", "{48EC29D2-5DEB-4C13-A3F9-673F9E8CF679}"
EndProject
Project("{FAE04EC0-301F-11D3-BF4B-00C04F79EFBC}") = "N43-Ht-Task1", "N43-Ht-Task1\N43-Ht-Task1.csproj", "{9B213A7D-99D8-46B7-87B3-246095E2D944}"
EndProject
Project("{2150E333-8FDC-42A3-9474-1A3956D46DE8}") = "N41-HT", "N41-HT", "{8E781A56-1629-4F70-A1C8-398A91F35001}"
EndProject
Project("{FAE04EC0-301F-11D3-BF4B-00C04F79EFBC}") = "N41-HT-Task1", "N41-HT-Task1\N41-HT-Task1.csproj", "{56D1F533-5D42-4CAB-A504-A813823AD728}"
EndProject
Project("{2150E333-8FDC-42A3-9474-1A3956D46DE8}") = "N44", "N44", "{BF7293B1-0786-4899-A6F0-7DAC0C51EC75}"
EndProject
Project("{2150E333-8FDC-42A3-9474-1A3956D46DE8}") = "N44-HT", "N44-HT", "{D3AD04E8-B6F3-480B-B80C-04F9271C6724}"
EndProject
Project("{9A19103F-16F7-4668-BE54-9A1E7A4F7556}") = "N44-HT-Task1", "N44-HT-Task1\N44-HT-Task1.csproj", "{E20D3872-0109-452F-A004-F23C26CE389C}"
EndProject
Project("{9A19103F-16F7-4668-BE54-9A1E7A4F7556}") = "N44-HT-Task2", "N44-HT-Task2\N44-HT-Task2.csproj", "{27A0AC4C-A374-43BF-BB97-FA4EC3768EB1}"
EndProject
Project("{2150E333-8FDC-42A3-9474-1A3956D46DE8}") = "N45", "N45", "{C18EFD4A-38AA-42C4-930B-104D0FDDDB82}"
EndProject
Project("{9A19103F-16F7-4668-BE54-9A1E7A4F7556}") = "N45-HT-Task1", "N45-HT-Task1\N45-HT-Task1.csproj", "{067E5D2C-1E10-444F-9C61-3436511F5A5C}"
EndProject
Project("{2150E333-8FDC-42A3-9474-1A3956D46DE8}") = "N48", "N48", "{F6AA0CEE-FF90-4D10-95FE-88A29BC882B5}"
EndProject
Project("{9A19103F-16F7-4668-BE54-9A1E7A4F7556}") = "N48-HT-Task1", "N48-HT-Task1\N48-HT-Task1.csproj", "{DBB20F9A-9AA5-494E-B5FD-A4EE2478277D}"
EndProject
Project("{2150E333-8FDC-42A3-9474-1A3956D46DE8}") = "N52", "N52", "{B54A7D8C-9339-4AD5-A77D-831A0B1F5CEE}"
EndProject
Project("{2150E333-8FDC-42A3-9474-1A3956D46DE8}") = "N52-Ht", "N52-Ht", "{7D7CBBE2-4E84-47EF-BC0C-D05085D3948E}"
EndProject
Project("{FAE04EC0-301F-11D3-BF4B-00C04F79EFBC}") = "N52-HT-Task1", "N52-HT-Task1\N52-HT-Task1.csproj", "{1D1019E3-51FC-4BF7-9E38-9F805EFC990B}"
EndProject
Project("{9A19103F-16F7-4668-BE54-9A1E7A4F7556}") = "N52-ht-Task-1", "N52-ht-Task-1\N52-ht-Task-1.csproj", "{45908DA0-AB1F-4976-A8D2-7F1FF4E1F290}"
EndProject
Project("{2150E333-8FDC-42A3-9474-1A3956D46DE8}") = "N53", "N53", "{D6A463D7-B31A-4116-AE54-8B4FCE21AC92}"
EndProject
Project("{2150E333-8FDC-42A3-9474-1A3956D46DE8}") = "N53-HT", "N53-HT", "{E10F79FD-3166-499E-BCF2-2856AC7BCEB0}"
EndProject
Project("{FAE04EC0-301F-11D3-BF4B-00C04F79EFBC}") = "N53-HT-Task1", "N53-HT-Task1\N53-HT-Task1.csproj", "{B1F28D26-87C1-4B3B-9094-EC339244ED52}"
EndProject
Project("{9A19103F-16F7-4668-BE54-9A1E7A4F7556}") = "N53-Ht-Task1.api", "N53-Ht-Task1.api\N53-Ht-Task1.api.csproj", "{EB20ED20-DC57-42FC-AE2B-C0EF4981DCEF}"
EndProject
Project("{2150E333-8FDC-42A3-9474-1A3956D46DE8}") = "N55", "N55", "{536197CF-03E9-4DFD-9522-7244A1DF26FA}"
EndProject
Project("{9A19103F-16F7-4668-BE54-9A1E7A4F7556}") = "N55-HT-Task1", "N55-HT-Task1\N55-HT-Task1.csproj", "{FC63A553-8CF9-447F-A0F8-708DCC9A014C}"
EndProject
Project("{2150E333-8FDC-42A3-9474-1A3956D46DE8}") = "N55-CT", "N55-CT", "{DBAF14EA-DBA5-492D-9A01-4BDFE38FA48E}"
EndProject
Project("{9A19103F-16F7-4668-BE54-9A1E7A4F7556}") = "Amaliy", "Amaliy\Amaliy.csproj", "{74DC9F8C-3C6C-4B94-80D5-363B8057A261}"
EndProject
Project("{2150E333-8FDC-42A3-9474-1A3956D46DE8}") = "N57", "N57", "{28A8FE66-E436-421A-9C37-08BD014F5BDB}"
EndProject
Project("{9A19103F-16F7-4668-BE54-9A1E7A4F7556}") = "Photogram", "Photogram\Photogram.csproj", "{F6AE8BD7-F0C4-4BAC-B2E1-0EA11064F717}"
EndProject
Project("{2150E333-8FDC-42A3-9474-1A3956D46DE8}") = "N57-HT", "N57-HT", "{8F28EFBF-57DB-4C85-8033-F583C71F612B}"
EndProject
Project("{9A19103F-16F7-4668-BE54-9A1E7A4F7556}") = "N57-HT-Task1", "N57-HT-Task1\N57-HT-Task1.csproj", "{5CBCC9FC-A019-420E-A03C-0CF1D6E0ED20}"
EndProject
Project("{2150E333-8FDC-42A3-9474-1A3956D46DE8}") = "N57-CT", "N57-CT", "{3B35B130-890D-4C2F-A1BC-00C3C28CC9A0}"
EndProject
Project("{2150E333-8FDC-42A3-9474-1A3956D46DE8}") = "N58", "N58", "{57138C8F-A94E-41D5-9608-B16E08ECCE5B}"
EndProject
Project("{9A19103F-16F7-4668-BE54-9A1E7A4F7556}") = "FileExplorer.Api", "FileExplorer.Api\FileExplorer.Api.csproj", "{59D82BB2-315A-4F43-90C0-1F2CBBEF546C}"
EndProject
Project("{2150E333-8FDC-42A3-9474-1A3956D46DE8}") = "N58-HT", "N58-HT", "{1ADB667C-5BF3-4C1A-A021-551FE3DC2920}"
EndProject
Project("{9A19103F-16F7-4668-BE54-9A1E7A4F7556}") = "FileExplorer.Application", "FileExplorer.Application\FileExplorer.Application.csproj", "{07046F4A-0479-483F-9A58-1672294F3E42}"
EndProject
Project("{9A19103F-16F7-4668-BE54-9A1E7A4F7556}") = "FIleExplorer.Infrastructure", "FIleExplorer.Infrastructure\FIleExplorer.Infrastructure.csproj", "{FA594E95-61B7-4460-B0EA-90C429F8439B}"
EndProject
Project("{2150E333-8FDC-42A3-9474-1A3956D46DE8}") = "N59", "N59", "{D615345D-067B-4D2C-8465-295FD8157F7A}"
EndProject
Project("{2150E333-8FDC-42A3-9474-1A3956D46DE8}") = "N62", "N62", "{AAFD372D-D1EF-40A7-B621-0B92FEB5C3C3}"
EndProject
Project("{2150E333-8FDC-42A3-9474-1A3956D46DE8}") = "N62-CT", "N62-CT", "{D5B62343-D82C-4E65-BB0E-D6CAC48ACFC9}"
EndProject
Project("{9A19103F-16F7-4668-BE54-9A1E7A4F7556}") = "CustomMidleWare", "CustomMidleWare\CustomMidleWare.csproj", "{16E94E22-8143-43A3-B994-592DA8FE3B25}"
EndProject
Project("{2150E333-8FDC-42A3-9474-1A3956D46DE8}") = "N62-HT", "N62-HT", "{BF267876-7676-46C8-A5D8-42EDBAB7375F}"
EndProject
Project("{9A19103F-16F7-4668-BE54-9A1E7A4F7556}") = "N62-HT-Task1", "N62-HT-Task1\N62-HT-Task1.csproj", "{3599E107-737D-4786-AA71-3792E7019AA9}"
EndProject
Project("{2150E333-8FDC-42A3-9474-1A3956D46DE8}") = "N64", "N64", "{2B0847B3-1B25-44D1-A45A-449F34B1AE2E}"
EndProject
Project("{2150E333-8FDC-42A3-9474-1A3956D46DE8}") = "Identity", "Identity", "{F3ECCAFE-2FA9-4FA8-B36A-056B2E0E338D}"
EndProject
Project("{9A19103F-16F7-4668-BE54-9A1E7A4F7556}") = "N64.Identity.Api", "N64.Identity.Api\N64.Identity.Api.csproj", "{47F634BE-41F9-428F-B14B-DE425797B953}"
EndProject
Project("{9A19103F-16F7-4668-BE54-9A1E7A4F7556}") = "N64.Identity.Application", "N64.Identity.Application\N64.Identity.Application.csproj", "{4A28E7DD-F6A9-4FCC-896C-F0106A3DCF32}"
EndProject
Project("{9A19103F-16F7-4668-BE54-9A1E7A4F7556}") = "N64.Identity.Domain", "N64.Identity.Domain\N64.Identity.Domain.csproj", "{DDB77BFA-5EF6-4E0B-A4F0-8CA575109933}"
EndProject
Project("{9A19103F-16F7-4668-BE54-9A1E7A4F7556}") = "N64.Identity.Persistence", "N64.Identity.Persistence\N64.Identity.Persistence.csproj", "{037C62E9-CDDB-42A6-AD45-2589EC1BDA82}"
EndProject
Project("{9A19103F-16F7-4668-BE54-9A1E7A4F7556}") = "N64.Identity.Infrastructure", "N64.Identity.Infrastructure\N64.Identity.Infrastructure.csproj", "{89140339-239E-4B78-A406-33BB3AE1AC1A}"
EndProject
Project("{2150E333-8FDC-42A3-9474-1A3956D46DE8}") = "N66", "N66", "{2A3544BF-2183-40DF-A60C-8C781147DE30}"
EndProject
Project("{2150E333-8FDC-42A3-9474-1A3956D46DE8}") = "N66-CT", "N66-CT", "{F22C18BC-46C6-455A-ADC0-D0362F69004A}"
EndProject
Project("{2150E333-8FDC-42A3-9474-1A3956D46DE8}") = "N66-Ht", "N66-Ht", "{2FF74A26-8697-4FB6-8ED0-C6FB9A46B5D9}"
EndProject
Project("{FAE04EC0-301F-11D3-BF4B-00C04F79EFBC}") = "N66-CT-Task1", "N66-CT-Task1\N66-CT-Task1.csproj", "{9E7B3E66-8A94-42FA-ADE4-D95A63F38EB4}"
EndProject
Global
	GlobalSection(SolutionConfigurationPlatforms) = preSolution
		Debug|Any CPU = Debug|Any CPU
		Release|Any CPU = Release|Any CPU
	EndGlobalSection
	GlobalSection(ProjectConfigurationPlatforms) = postSolution
		{1A729A9C-0AA1-4A0F-BBA6-D1F949241089}.Debug|Any CPU.ActiveCfg = Debug|Any CPU
		{1A729A9C-0AA1-4A0F-BBA6-D1F949241089}.Debug|Any CPU.Build.0 = Debug|Any CPU
		{1A729A9C-0AA1-4A0F-BBA6-D1F949241089}.Release|Any CPU.ActiveCfg = Release|Any CPU
		{1A729A9C-0AA1-4A0F-BBA6-D1F949241089}.Release|Any CPU.Build.0 = Release|Any CPU
		{CC156809-B882-4C94-BF28-F95D6FA3DF4F}.Debug|Any CPU.ActiveCfg = Debug|Any CPU
		{CC156809-B882-4C94-BF28-F95D6FA3DF4F}.Debug|Any CPU.Build.0 = Debug|Any CPU
		{CC156809-B882-4C94-BF28-F95D6FA3DF4F}.Release|Any CPU.ActiveCfg = Release|Any CPU
		{CC156809-B882-4C94-BF28-F95D6FA3DF4F}.Release|Any CPU.Build.0 = Release|Any CPU
		{6E891830-BFEF-4088-B4E9-FC459EEEBA8E}.Debug|Any CPU.ActiveCfg = Debug|Any CPU
		{6E891830-BFEF-4088-B4E9-FC459EEEBA8E}.Debug|Any CPU.Build.0 = Debug|Any CPU
		{6E891830-BFEF-4088-B4E9-FC459EEEBA8E}.Release|Any CPU.ActiveCfg = Release|Any CPU
		{6E891830-BFEF-4088-B4E9-FC459EEEBA8E}.Release|Any CPU.Build.0 = Release|Any CPU
		{05AA13DC-134A-43EC-83BD-CDB4899C3840}.Debug|Any CPU.ActiveCfg = Debug|Any CPU
		{05AA13DC-134A-43EC-83BD-CDB4899C3840}.Debug|Any CPU.Build.0 = Debug|Any CPU
		{05AA13DC-134A-43EC-83BD-CDB4899C3840}.Release|Any CPU.ActiveCfg = Release|Any CPU
		{05AA13DC-134A-43EC-83BD-CDB4899C3840}.Release|Any CPU.Build.0 = Release|Any CPU
		{14E593F2-D6CF-44D0-80B1-E15341905432}.Debug|Any CPU.ActiveCfg = Debug|Any CPU
		{14E593F2-D6CF-44D0-80B1-E15341905432}.Debug|Any CPU.Build.0 = Debug|Any CPU
		{14E593F2-D6CF-44D0-80B1-E15341905432}.Release|Any CPU.ActiveCfg = Release|Any CPU
		{14E593F2-D6CF-44D0-80B1-E15341905432}.Release|Any CPU.Build.0 = Release|Any CPU
		{639E73C9-C722-4009-AD99-92E0D458B498}.Debug|Any CPU.ActiveCfg = Debug|Any CPU
		{639E73C9-C722-4009-AD99-92E0D458B498}.Debug|Any CPU.Build.0 = Debug|Any CPU
		{639E73C9-C722-4009-AD99-92E0D458B498}.Release|Any CPU.ActiveCfg = Release|Any CPU
		{639E73C9-C722-4009-AD99-92E0D458B498}.Release|Any CPU.Build.0 = Release|Any CPU
		{64BAE952-3607-4C1B-BD19-9DB07F336685}.Debug|Any CPU.ActiveCfg = Debug|Any CPU
		{64BAE952-3607-4C1B-BD19-9DB07F336685}.Debug|Any CPU.Build.0 = Debug|Any CPU
		{64BAE952-3607-4C1B-BD19-9DB07F336685}.Release|Any CPU.ActiveCfg = Release|Any CPU
		{64BAE952-3607-4C1B-BD19-9DB07F336685}.Release|Any CPU.Build.0 = Release|Any CPU
		{553E6F67-2F32-451E-9D2F-EDE9E86066A7}.Debug|Any CPU.ActiveCfg = Debug|Any CPU
		{553E6F67-2F32-451E-9D2F-EDE9E86066A7}.Debug|Any CPU.Build.0 = Debug|Any CPU
		{553E6F67-2F32-451E-9D2F-EDE9E86066A7}.Release|Any CPU.ActiveCfg = Release|Any CPU
		{553E6F67-2F32-451E-9D2F-EDE9E86066A7}.Release|Any CPU.Build.0 = Release|Any CPU
		{0BF6D97B-6866-44D7-B3C0-6DE63796EAEB}.Debug|Any CPU.ActiveCfg = Debug|Any CPU
		{0BF6D97B-6866-44D7-B3C0-6DE63796EAEB}.Debug|Any CPU.Build.0 = Debug|Any CPU
		{0BF6D97B-6866-44D7-B3C0-6DE63796EAEB}.Release|Any CPU.ActiveCfg = Release|Any CPU
		{0BF6D97B-6866-44D7-B3C0-6DE63796EAEB}.Release|Any CPU.Build.0 = Release|Any CPU
		{F2F4D213-AC52-4FC8-AD89-D8171BD6AA6C}.Debug|Any CPU.ActiveCfg = Debug|Any CPU
		{F2F4D213-AC52-4FC8-AD89-D8171BD6AA6C}.Debug|Any CPU.Build.0 = Debug|Any CPU
		{F2F4D213-AC52-4FC8-AD89-D8171BD6AA6C}.Release|Any CPU.ActiveCfg = Release|Any CPU
		{F2F4D213-AC52-4FC8-AD89-D8171BD6AA6C}.Release|Any CPU.Build.0 = Release|Any CPU
		{389CB8CC-30D2-4EDC-A000-B5524D82F81E}.Debug|Any CPU.ActiveCfg = Debug|Any CPU
		{389CB8CC-30D2-4EDC-A000-B5524D82F81E}.Debug|Any CPU.Build.0 = Debug|Any CPU
		{389CB8CC-30D2-4EDC-A000-B5524D82F81E}.Release|Any CPU.ActiveCfg = Release|Any CPU
		{389CB8CC-30D2-4EDC-A000-B5524D82F81E}.Release|Any CPU.Build.0 = Release|Any CPU
		{DFF5CF87-B7AC-4D30-962B-687E486D33E1}.Debug|Any CPU.ActiveCfg = Debug|Any CPU
		{DFF5CF87-B7AC-4D30-962B-687E486D33E1}.Debug|Any CPU.Build.0 = Debug|Any CPU
		{DFF5CF87-B7AC-4D30-962B-687E486D33E1}.Release|Any CPU.ActiveCfg = Release|Any CPU
		{DFF5CF87-B7AC-4D30-962B-687E486D33E1}.Release|Any CPU.Build.0 = Release|Any CPU
		{4817E6C1-4FA2-4EF7-8DEE-0B85A1F7985F}.Debug|Any CPU.ActiveCfg = Debug|Any CPU
		{4817E6C1-4FA2-4EF7-8DEE-0B85A1F7985F}.Debug|Any CPU.Build.0 = Debug|Any CPU
		{4817E6C1-4FA2-4EF7-8DEE-0B85A1F7985F}.Release|Any CPU.ActiveCfg = Release|Any CPU
		{4817E6C1-4FA2-4EF7-8DEE-0B85A1F7985F}.Release|Any CPU.Build.0 = Release|Any CPU
		{9B213A7D-99D8-46B7-87B3-246095E2D944}.Debug|Any CPU.ActiveCfg = Debug|Any CPU
		{9B213A7D-99D8-46B7-87B3-246095E2D944}.Debug|Any CPU.Build.0 = Debug|Any CPU
		{9B213A7D-99D8-46B7-87B3-246095E2D944}.Release|Any CPU.ActiveCfg = Release|Any CPU
		{9B213A7D-99D8-46B7-87B3-246095E2D944}.Release|Any CPU.Build.0 = Release|Any CPU
		{56D1F533-5D42-4CAB-A504-A813823AD728}.Debug|Any CPU.ActiveCfg = Debug|Any CPU
		{56D1F533-5D42-4CAB-A504-A813823AD728}.Debug|Any CPU.Build.0 = Debug|Any CPU
		{56D1F533-5D42-4CAB-A504-A813823AD728}.Release|Any CPU.ActiveCfg = Release|Any CPU
		{56D1F533-5D42-4CAB-A504-A813823AD728}.Release|Any CPU.Build.0 = Release|Any CPU
		{E20D3872-0109-452F-A004-F23C26CE389C}.Debug|Any CPU.ActiveCfg = Debug|Any CPU
		{E20D3872-0109-452F-A004-F23C26CE389C}.Debug|Any CPU.Build.0 = Debug|Any CPU
		{E20D3872-0109-452F-A004-F23C26CE389C}.Release|Any CPU.ActiveCfg = Release|Any CPU
		{E20D3872-0109-452F-A004-F23C26CE389C}.Release|Any CPU.Build.0 = Release|Any CPU
		{27A0AC4C-A374-43BF-BB97-FA4EC3768EB1}.Debug|Any CPU.ActiveCfg = Debug|Any CPU
		{27A0AC4C-A374-43BF-BB97-FA4EC3768EB1}.Debug|Any CPU.Build.0 = Debug|Any CPU
		{27A0AC4C-A374-43BF-BB97-FA4EC3768EB1}.Release|Any CPU.ActiveCfg = Release|Any CPU
		{27A0AC4C-A374-43BF-BB97-FA4EC3768EB1}.Release|Any CPU.Build.0 = Release|Any CPU
		{067E5D2C-1E10-444F-9C61-3436511F5A5C}.Debug|Any CPU.ActiveCfg = Debug|Any CPU
		{067E5D2C-1E10-444F-9C61-3436511F5A5C}.Debug|Any CPU.Build.0 = Debug|Any CPU
		{067E5D2C-1E10-444F-9C61-3436511F5A5C}.Release|Any CPU.ActiveCfg = Release|Any CPU
		{067E5D2C-1E10-444F-9C61-3436511F5A5C}.Release|Any CPU.Build.0 = Release|Any CPU
		{DBB20F9A-9AA5-494E-B5FD-A4EE2478277D}.Debug|Any CPU.ActiveCfg = Debug|Any CPU
		{DBB20F9A-9AA5-494E-B5FD-A4EE2478277D}.Debug|Any CPU.Build.0 = Debug|Any CPU
		{DBB20F9A-9AA5-494E-B5FD-A4EE2478277D}.Release|Any CPU.ActiveCfg = Release|Any CPU
		{DBB20F9A-9AA5-494E-B5FD-A4EE2478277D}.Release|Any CPU.Build.0 = Release|Any CPU
		{1D1019E3-51FC-4BF7-9E38-9F805EFC990B}.Debug|Any CPU.ActiveCfg = Debug|Any CPU
		{1D1019E3-51FC-4BF7-9E38-9F805EFC990B}.Debug|Any CPU.Build.0 = Debug|Any CPU
		{1D1019E3-51FC-4BF7-9E38-9F805EFC990B}.Release|Any CPU.ActiveCfg = Release|Any CPU
		{1D1019E3-51FC-4BF7-9E38-9F805EFC990B}.Release|Any CPU.Build.0 = Release|Any CPU
		{45908DA0-AB1F-4976-A8D2-7F1FF4E1F290}.Debug|Any CPU.ActiveCfg = Debug|Any CPU
		{45908DA0-AB1F-4976-A8D2-7F1FF4E1F290}.Debug|Any CPU.Build.0 = Debug|Any CPU
		{45908DA0-AB1F-4976-A8D2-7F1FF4E1F290}.Release|Any CPU.ActiveCfg = Release|Any CPU
		{45908DA0-AB1F-4976-A8D2-7F1FF4E1F290}.Release|Any CPU.Build.0 = Release|Any CPU
		{B1F28D26-87C1-4B3B-9094-EC339244ED52}.Debug|Any CPU.ActiveCfg = Debug|Any CPU
		{B1F28D26-87C1-4B3B-9094-EC339244ED52}.Debug|Any CPU.Build.0 = Debug|Any CPU
		{B1F28D26-87C1-4B3B-9094-EC339244ED52}.Release|Any CPU.ActiveCfg = Release|Any CPU
		{B1F28D26-87C1-4B3B-9094-EC339244ED52}.Release|Any CPU.Build.0 = Release|Any CPU
		{EB20ED20-DC57-42FC-AE2B-C0EF4981DCEF}.Debug|Any CPU.ActiveCfg = Debug|Any CPU
		{EB20ED20-DC57-42FC-AE2B-C0EF4981DCEF}.Debug|Any CPU.Build.0 = Debug|Any CPU
		{EB20ED20-DC57-42FC-AE2B-C0EF4981DCEF}.Release|Any CPU.ActiveCfg = Release|Any CPU
		{EB20ED20-DC57-42FC-AE2B-C0EF4981DCEF}.Release|Any CPU.Build.0 = Release|Any CPU
		{FC63A553-8CF9-447F-A0F8-708DCC9A014C}.Debug|Any CPU.ActiveCfg = Debug|Any CPU
		{FC63A553-8CF9-447F-A0F8-708DCC9A014C}.Debug|Any CPU.Build.0 = Debug|Any CPU
		{FC63A553-8CF9-447F-A0F8-708DCC9A014C}.Release|Any CPU.ActiveCfg = Release|Any CPU
		{FC63A553-8CF9-447F-A0F8-708DCC9A014C}.Release|Any CPU.Build.0 = Release|Any CPU
		{74DC9F8C-3C6C-4B94-80D5-363B8057A261}.Debug|Any CPU.ActiveCfg = Debug|Any CPU
		{74DC9F8C-3C6C-4B94-80D5-363B8057A261}.Debug|Any CPU.Build.0 = Debug|Any CPU
		{74DC9F8C-3C6C-4B94-80D5-363B8057A261}.Release|Any CPU.ActiveCfg = Release|Any CPU
		{74DC9F8C-3C6C-4B94-80D5-363B8057A261}.Release|Any CPU.Build.0 = Release|Any CPU
		{F6AE8BD7-F0C4-4BAC-B2E1-0EA11064F717}.Debug|Any CPU.ActiveCfg = Debug|Any CPU
		{F6AE8BD7-F0C4-4BAC-B2E1-0EA11064F717}.Debug|Any CPU.Build.0 = Debug|Any CPU
		{F6AE8BD7-F0C4-4BAC-B2E1-0EA11064F717}.Release|Any CPU.ActiveCfg = Release|Any CPU
		{F6AE8BD7-F0C4-4BAC-B2E1-0EA11064F717}.Release|Any CPU.Build.0 = Release|Any CPU
		{5CBCC9FC-A019-420E-A03C-0CF1D6E0ED20}.Debug|Any CPU.ActiveCfg = Debug|Any CPU
		{5CBCC9FC-A019-420E-A03C-0CF1D6E0ED20}.Debug|Any CPU.Build.0 = Debug|Any CPU
		{5CBCC9FC-A019-420E-A03C-0CF1D6E0ED20}.Release|Any CPU.ActiveCfg = Release|Any CPU
		{5CBCC9FC-A019-420E-A03C-0CF1D6E0ED20}.Release|Any CPU.Build.0 = Release|Any CPU
		{59D82BB2-315A-4F43-90C0-1F2CBBEF546C}.Debug|Any CPU.ActiveCfg = Debug|Any CPU
		{59D82BB2-315A-4F43-90C0-1F2CBBEF546C}.Debug|Any CPU.Build.0 = Debug|Any CPU
		{59D82BB2-315A-4F43-90C0-1F2CBBEF546C}.Release|Any CPU.ActiveCfg = Release|Any CPU
		{59D82BB2-315A-4F43-90C0-1F2CBBEF546C}.Release|Any CPU.Build.0 = Release|Any CPU
		{07046F4A-0479-483F-9A58-1672294F3E42}.Debug|Any CPU.ActiveCfg = Debug|Any CPU
		{07046F4A-0479-483F-9A58-1672294F3E42}.Debug|Any CPU.Build.0 = Debug|Any CPU
		{07046F4A-0479-483F-9A58-1672294F3E42}.Release|Any CPU.ActiveCfg = Release|Any CPU
		{07046F4A-0479-483F-9A58-1672294F3E42}.Release|Any CPU.Build.0 = Release|Any CPU
		{FA594E95-61B7-4460-B0EA-90C429F8439B}.Debug|Any CPU.ActiveCfg = Debug|Any CPU
		{FA594E95-61B7-4460-B0EA-90C429F8439B}.Debug|Any CPU.Build.0 = Debug|Any CPU
		{FA594E95-61B7-4460-B0EA-90C429F8439B}.Release|Any CPU.ActiveCfg = Release|Any CPU
		{FA594E95-61B7-4460-B0EA-90C429F8439B}.Release|Any CPU.Build.0 = Release|Any CPU
		{16E94E22-8143-43A3-B994-592DA8FE3B25}.Debug|Any CPU.ActiveCfg = Debug|Any CPU
		{16E94E22-8143-43A3-B994-592DA8FE3B25}.Debug|Any CPU.Build.0 = Debug|Any CPU
		{16E94E22-8143-43A3-B994-592DA8FE3B25}.Release|Any CPU.ActiveCfg = Release|Any CPU
		{16E94E22-8143-43A3-B994-592DA8FE3B25}.Release|Any CPU.Build.0 = Release|Any CPU
		{3599E107-737D-4786-AA71-3792E7019AA9}.Debug|Any CPU.ActiveCfg = Debug|Any CPU
		{3599E107-737D-4786-AA71-3792E7019AA9}.Debug|Any CPU.Build.0 = Debug|Any CPU
		{3599E107-737D-4786-AA71-3792E7019AA9}.Release|Any CPU.ActiveCfg = Release|Any CPU
		{3599E107-737D-4786-AA71-3792E7019AA9}.Release|Any CPU.Build.0 = Release|Any CPU
		{47F634BE-41F9-428F-B14B-DE425797B953}.Debug|Any CPU.ActiveCfg = Debug|Any CPU
		{47F634BE-41F9-428F-B14B-DE425797B953}.Debug|Any CPU.Build.0 = Debug|Any CPU
		{47F634BE-41F9-428F-B14B-DE425797B953}.Release|Any CPU.ActiveCfg = Release|Any CPU
		{47F634BE-41F9-428F-B14B-DE425797B953}.Release|Any CPU.Build.0 = Release|Any CPU
		{4A28E7DD-F6A9-4FCC-896C-F0106A3DCF32}.Debug|Any CPU.ActiveCfg = Debug|Any CPU
		{4A28E7DD-F6A9-4FCC-896C-F0106A3DCF32}.Debug|Any CPU.Build.0 = Debug|Any CPU
		{4A28E7DD-F6A9-4FCC-896C-F0106A3DCF32}.Release|Any CPU.ActiveCfg = Release|Any CPU
		{4A28E7DD-F6A9-4FCC-896C-F0106A3DCF32}.Release|Any CPU.Build.0 = Release|Any CPU
		{DDB77BFA-5EF6-4E0B-A4F0-8CA575109933}.Debug|Any CPU.ActiveCfg = Debug|Any CPU
		{DDB77BFA-5EF6-4E0B-A4F0-8CA575109933}.Debug|Any CPU.Build.0 = Debug|Any CPU
		{DDB77BFA-5EF6-4E0B-A4F0-8CA575109933}.Release|Any CPU.ActiveCfg = Release|Any CPU
		{DDB77BFA-5EF6-4E0B-A4F0-8CA575109933}.Release|Any CPU.Build.0 = Release|Any CPU
		{037C62E9-CDDB-42A6-AD45-2589EC1BDA82}.Debug|Any CPU.ActiveCfg = Debug|Any CPU
		{037C62E9-CDDB-42A6-AD45-2589EC1BDA82}.Debug|Any CPU.Build.0 = Debug|Any CPU
		{037C62E9-CDDB-42A6-AD45-2589EC1BDA82}.Release|Any CPU.ActiveCfg = Release|Any CPU
		{037C62E9-CDDB-42A6-AD45-2589EC1BDA82}.Release|Any CPU.Build.0 = Release|Any CPU
		{89140339-239E-4B78-A406-33BB3AE1AC1A}.Debug|Any CPU.ActiveCfg = Debug|Any CPU
		{89140339-239E-4B78-A406-33BB3AE1AC1A}.Debug|Any CPU.Build.0 = Debug|Any CPU
		{89140339-239E-4B78-A406-33BB3AE1AC1A}.Release|Any CPU.ActiveCfg = Release|Any CPU
		{89140339-239E-4B78-A406-33BB3AE1AC1A}.Release|Any CPU.Build.0 = Release|Any CPU
		{9E7B3E66-8A94-42FA-ADE4-D95A63F38EB4}.Debug|Any CPU.ActiveCfg = Debug|Any CPU
		{9E7B3E66-8A94-42FA-ADE4-D95A63F38EB4}.Debug|Any CPU.Build.0 = Debug|Any CPU
		{9E7B3E66-8A94-42FA-ADE4-D95A63F38EB4}.Release|Any CPU.ActiveCfg = Release|Any CPU
		{9E7B3E66-8A94-42FA-ADE4-D95A63F38EB4}.Release|Any CPU.Build.0 = Release|Any CPU
	EndGlobalSection
	GlobalSection(SolutionProperties) = preSolution
		HideSolutionNode = FALSE
	EndGlobalSection
	GlobalSection(NestedProjects) = preSolution
		{1A729A9C-0AA1-4A0F-BBA6-D1F949241089} = {84CD7ECE-F4D5-4EE4-9E38-D43AD64C3045}
		{CC156809-B882-4C94-BF28-F95D6FA3DF4F} = {84CD7ECE-F4D5-4EE4-9E38-D43AD64C3045}
		{6E891830-BFEF-4088-B4E9-FC459EEEBA8E} = {84CD7ECE-F4D5-4EE4-9E38-D43AD64C3045}
		{05AA13DC-134A-43EC-83BD-CDB4899C3840} = {CC5DDA14-00EA-4655-A6E9-ECFDD6D185BB}
		{14E593F2-D6CF-44D0-80B1-E15341905432} = {E8BC63FF-FD84-4027-A213-1BCC42796A19}
		{990149B2-6496-44B6-A84D-47E699752243} = {B3587566-37D9-4F34-8FD7-63CDF003CCBE}
		{639E73C9-C722-4009-AD99-92E0D458B498} = {990149B2-6496-44B6-A84D-47E699752243}
		{64BAE952-3607-4C1B-BD19-9DB07F336685} = {990149B2-6496-44B6-A84D-47E699752243}
		{13B85BBF-AF99-422C-9F55-86E0013E1B15} = {E8BC63FF-FD84-4027-A213-1BCC42796A19}
		{B331A472-D7A8-425C-AA92-7DAD075D70EA} = {268E167A-D1AE-4BEE-82D6-4D0B1DA864F6}
		{553E6F67-2F32-451E-9D2F-EDE9E86066A7} = {B331A472-D7A8-425C-AA92-7DAD075D70EA}
		{6EF00CBB-F4F9-46DD-B055-4B0135F64B43} = {A15F0F5D-CEF7-420C-83FD-6026FA99CC4B}
		{0BF6D97B-6866-44D7-B3C0-6DE63796EAEB} = {6EF00CBB-F4F9-46DD-B055-4B0135F64B43}
		{F2F4D213-AC52-4FC8-AD89-D8171BD6AA6C} = {6EF00CBB-F4F9-46DD-B055-4B0135F64B43}
		{80ED7211-6DA7-4054-A16D-85694F5D2575} = {01C501F3-BA24-412B-91FF-47D9F62EBD5B}
		{389CB8CC-30D2-4EDC-A000-B5524D82F81E} = {80ED7211-6DA7-4054-A16D-85694F5D2575}
		{DFF5CF87-B7AC-4D30-962B-687E486D33E1} = {80ED7211-6DA7-4054-A16D-85694F5D2575}
		{CE04613A-2CC0-4C9C-B988-0645B4430E1A} = {B3587566-37D9-4F34-8FD7-63CDF003CCBE}
		{4817E6C1-4FA2-4EF7-8DEE-0B85A1F7985F} = {CE04613A-2CC0-4C9C-B988-0645B4430E1A}
		{48EC29D2-5DEB-4C13-A3F9-673F9E8CF679} = {01C501F3-BA24-412B-91FF-47D9F62EBD5B}
		{9B213A7D-99D8-46B7-87B3-246095E2D944} = {48EC29D2-5DEB-4C13-A3F9-673F9E8CF679}
		{8E781A56-1629-4F70-A1C8-398A91F35001} = {268E167A-D1AE-4BEE-82D6-4D0B1DA864F6}
		{56D1F533-5D42-4CAB-A504-A813823AD728} = {8E781A56-1629-4F70-A1C8-398A91F35001}
		{D3AD04E8-B6F3-480B-B80C-04F9271C6724} = {BF7293B1-0786-4899-A6F0-7DAC0C51EC75}
		{E20D3872-0109-452F-A004-F23C26CE389C} = {D3AD04E8-B6F3-480B-B80C-04F9271C6724}
		{27A0AC4C-A374-43BF-BB97-FA4EC3768EB1} = {D3AD04E8-B6F3-480B-B80C-04F9271C6724}
		{067E5D2C-1E10-444F-9C61-3436511F5A5C} = {C18EFD4A-38AA-42C4-930B-104D0FDDDB82}
		{DBB20F9A-9AA5-494E-B5FD-A4EE2478277D} = {F6AA0CEE-FF90-4D10-95FE-88A29BC882B5}
		{7D7CBBE2-4E84-47EF-BC0C-D05085D3948E} = {B54A7D8C-9339-4AD5-A77D-831A0B1F5CEE}
		{1D1019E3-51FC-4BF7-9E38-9F805EFC990B} = {7D7CBBE2-4E84-47EF-BC0C-D05085D3948E}
		{45908DA0-AB1F-4976-A8D2-7F1FF4E1F290} = {7D7CBBE2-4E84-47EF-BC0C-D05085D3948E}
		{E10F79FD-3166-499E-BCF2-2856AC7BCEB0} = {D6A463D7-B31A-4116-AE54-8B4FCE21AC92}
		{B1F28D26-87C1-4B3B-9094-EC339244ED52} = {E10F79FD-3166-499E-BCF2-2856AC7BCEB0}
		{EB20ED20-DC57-42FC-AE2B-C0EF4981DCEF} = {E10F79FD-3166-499E-BCF2-2856AC7BCEB0}
		{FC63A553-8CF9-447F-A0F8-708DCC9A014C} = {536197CF-03E9-4DFD-9522-7244A1DF26FA}
		{DBAF14EA-DBA5-492D-9A01-4BDFE38FA48E} = {536197CF-03E9-4DFD-9522-7244A1DF26FA}
		{74DC9F8C-3C6C-4B94-80D5-363B8057A261} = {DBAF14EA-DBA5-492D-9A01-4BDFE38FA48E}
		{F6AE8BD7-F0C4-4BAC-B2E1-0EA11064F717} = {28A8FE66-E436-421A-9C37-08BD014F5BDB}
		{8F28EFBF-57DB-4C85-8033-F583C71F612B} = {28A8FE66-E436-421A-9C37-08BD014F5BDB}
		{5CBCC9FC-A019-420E-A03C-0CF1D6E0ED20} = {8F28EFBF-57DB-4C85-8033-F583C71F612B}
		{3B35B130-890D-4C2F-A1BC-00C3C28CC9A0} = {28A8FE66-E436-421A-9C37-08BD014F5BDB}
		{59D82BB2-315A-4F43-90C0-1F2CBBEF546C} = {1ADB667C-5BF3-4C1A-A021-551FE3DC2920}
		{1ADB667C-5BF3-4C1A-A021-551FE3DC2920} = {57138C8F-A94E-41D5-9608-B16E08ECCE5B}
		{07046F4A-0479-483F-9A58-1672294F3E42} = {1ADB667C-5BF3-4C1A-A021-551FE3DC2920}
		{FA594E95-61B7-4460-B0EA-90C429F8439B} = {1ADB667C-5BF3-4C1A-A021-551FE3DC2920}
		{D5B62343-D82C-4E65-BB0E-D6CAC48ACFC9} = {AAFD372D-D1EF-40A7-B621-0B92FEB5C3C3}
		{16E94E22-8143-43A3-B994-592DA8FE3B25} = {D5B62343-D82C-4E65-BB0E-D6CAC48ACFC9}
		{BF267876-7676-46C8-A5D8-42EDBAB7375F} = {AAFD372D-D1EF-40A7-B621-0B92FEB5C3C3}
		{3599E107-737D-4786-AA71-3792E7019AA9} = {BF267876-7676-46C8-A5D8-42EDBAB7375F}
		{F3ECCAFE-2FA9-4FA8-B36A-056B2E0E338D} = {2B0847B3-1B25-44D1-A45A-449F34B1AE2E}
		{47F634BE-41F9-428F-B14B-DE425797B953} = {F3ECCAFE-2FA9-4FA8-B36A-056B2E0E338D}
		{4A28E7DD-F6A9-4FCC-896C-F0106A3DCF32} = {F3ECCAFE-2FA9-4FA8-B36A-056B2E0E338D}
		{DDB77BFA-5EF6-4E0B-A4F0-8CA575109933} = {F3ECCAFE-2FA9-4FA8-B36A-056B2E0E338D}
		{037C62E9-CDDB-42A6-AD45-2589EC1BDA82} = {F3ECCAFE-2FA9-4FA8-B36A-056B2E0E338D}
		{89140339-239E-4B78-A406-33BB3AE1AC1A} = {F3ECCAFE-2FA9-4FA8-B36A-056B2E0E338D}
		{F22C18BC-46C6-455A-ADC0-D0362F69004A} = {2A3544BF-2183-40DF-A60C-8C781147DE30}
		{2FF74A26-8697-4FB6-8ED0-C6FB9A46B5D9} = {2A3544BF-2183-40DF-A60C-8C781147DE30}
		{9E7B3E66-8A94-42FA-ADE4-D95A63F38EB4} = {F22C18BC-46C6-455A-ADC0-D0362F69004A}
	EndGlobalSection
	GlobalSection(ExtensibilityGlobals) = postSolution
		SolutionGuid = {BDC44872-2408-400E-B13F-18213D63CBC9}
	EndGlobalSection
EndGlobal
